
Microsoft Visual Studio Solution File, Format Version 12.00
# Visual Studio Version 17
VisualStudioVersion = 17.8.34309.116
MinimumVisualStudioVersion = 10.0.40219.1
Project("{9A19103F-16F7-4668-BE54-9A1E7A4F7556}") = "Marelli.Api", "Marelli.Api\Marelli.Api.csproj", "{14CFF91A-BE72-4D00-A37C-8DACEDA82BE1}"
EndProject
Project("{9A19103F-16F7-4668-BE54-9A1E7A4F7556}") = "Marelli.Business", "Marelli.Business\Marelli.Business.csproj", "{2F90DC60-1533-44A5-AC04-EDFE275F90B3}"
EndProject
Project("{9A19103F-16F7-4668-BE54-9A1E7A4F7556}") = "Marelli.Domain", "Marelli.Domain\Marelli.Domain.csproj", "{F2C22682-0321-4819-BD87-0EB2908AD286}"
EndProject
Project("{9A19103F-16F7-4668-BE54-9A1E7A4F7556}") = "Marelli.Infra", "Marelli.Infra\Marelli.Infra.csproj", "{C03DF393-4D8F-4B14-9284-4FA306B03CED}"
EndProject
Project("{9A19103F-16F7-4668-BE54-9A1E7A4F7556}") = "Marelli.Test", "Marelli.Test\Marelli.Test.csproj", "{4844217E-5ACF-4C35-B4FC-7F22EF5D61DB}"
EndProject
Global
	GlobalSection(SolutionConfigurationPlatforms) = preSolution
		Debug|Any CPU = Debug|Any CPU
		Release|Any CPU = Release|Any CPU
	EndGlobalSection
	GlobalSection(ProjectConfigurationPlatforms) = postSolution
		{14CFF91A-BE72-4D00-A37C-8DACEDA82BE1}.Debug|Any CPU.ActiveCfg = Debug|Any CPU
		{14CFF91A-BE72-4D00-A37C-8DACEDA82BE1}.Debug|Any CPU.Build.0 = Debug|Any CPU
		{14CFF91A-BE72-4D00-A37C-8DACEDA82BE1}.Release|Any CPU.ActiveCfg = Release|Any CPU
		{14CFF91A-BE72-4D00-A37C-8DACEDA82BE1}.Release|Any CPU.Build.0 = Release|Any CPU
		{2F90DC60-1533-44A5-AC04-EDFE275F90B3}.Debug|Any CPU.ActiveCfg = Debug|Any CPU
		{2F90DC60-1533-44A5-AC04-EDFE275F90B3}.Debug|Any CPU.Build.0 = Debug|Any CPU
		{2F90DC60-1533-44A5-AC04-EDFE275F90B3}.Release|Any CPU.ActiveCfg = Release|Any CPU
		{2F90DC60-1533-44A5-AC04-EDFE275F90B3}.Release|Any CPU.Build.0 = Release|Any CPU
		{F2C22682-0321-4819-BD87-0EB2908AD286}.Debug|Any CPU.ActiveCfg = Debug|Any CPU
		{F2C22682-0321-4819-BD87-0EB2908AD286}.Debug|Any CPU.Build.0 = Debug|Any CPU
		{F2C22682-0321-4819-BD87-0EB2908AD286}.Release|Any CPU.ActiveCfg = Release|Any CPU
		{F2C22682-0321-4819-BD87-0EB2908AD286}.Release|Any CPU.Build.0 = Release|Any CPU
		{C03DF393-4D8F-4B14-9284-4FA306B03CED}.Debug|Any CPU.ActiveCfg = Debug|Any CPU
		{C03DF393-4D8F-4B14-9284-4FA306B03CED}.Debug|Any CPU.Build.0 = Debug|Any CPU
		{C03DF393-4D8F-4B14-9284-4FA306B03CED}.Release|Any CPU.ActiveCfg = Release|Any CPU
		{C03DF393-4D8F-4B14-9284-4FA306B03CED}.Release|Any CPU.Build.0 = Release|Any CPU
		{4844217E-5ACF-4C35-B4FC-7F22EF5D61DB}.Debug|Any CPU.ActiveCfg = Debug|Any CPU
		{4844217E-5ACF-4C35-B4FC-7F22EF5D61DB}.Debug|Any CPU.Build.0 = Debug|Any CPU
		{4844217E-5ACF-4C35-B4FC-7F22EF5D61DB}.Release|Any CPU.ActiveCfg = Release|Any CPU
		{4844217E-5ACF-4C35-B4FC-7F22EF5D61DB}.Release|Any CPU.Build.0 = Release|Any CPU
	EndGlobalSection
	GlobalSection(SolutionProperties) = preSolution
		HideSolutionNode = FALSE
	EndGlobalSection
	GlobalSection(ExtensibilityGlobals) = postSolution
		SolutionGuid = {525CED19-5CE0-40C1-A939-AD15E4F7B549}
	EndGlobalSection
EndGlobal
